
Microsoft Visual Studio Solution File, Format Version 12.00
# Visual Studio Version 16
VisualStudioVersion = 16.0.32802.440
MinimumVisualStudioVersion = 10.0.40219.1
Project("{FAE04EC0-301F-11D3-BF4B-00C04F79EFBC}") = "EMPRESA_IPVG", "EMPRESA_IPVG\EMPRESA_IPVG.csproj", "{E9D9FD58-DC50-441C-BA9B-B3F5D8579430}"
EndProject
Project("{FAE04EC0-301F-11D3-BF4B-00C04F79EFBC}") = "GUARDAR_IPVG", "GUARDAR_IPVG\GUARDAR_IPVG.csproj", "{6DC6C5FC-E25C-488B-960B-6A4BE93DC40C}"
EndProject
Global
	GlobalSection(SolutionConfigurationPlatforms) = preSolution
		Debug|Any CPU = Debug|Any CPU
		Release|Any CPU = Release|Any CPU
	EndGlobalSection
	GlobalSection(ProjectConfigurationPlatforms) = postSolution
		{E9D9FD58-DC50-441C-BA9B-B3F5D8579430}.Debug|Any CPU.ActiveCfg = Debug|Any CPU
		{E9D9FD58-DC50-441C-BA9B-B3F5D8579430}.Debug|Any CPU.Build.0 = Debug|Any CPU
		{E9D9FD58-DC50-441C-BA9B-B3F5D8579430}.Release|Any CPU.ActiveCfg = Release|Any CPU
		{E9D9FD58-DC50-441C-BA9B-B3F5D8579430}.Release|Any CPU.Build.0 = Release|Any CPU
		{6DC6C5FC-E25C-488B-960B-6A4BE93DC40C}.Debug|Any CPU.ActiveCfg = Debug|Any CPU
		{6DC6C5FC-E25C-488B-960B-6A4BE93DC40C}.Debug|Any CPU.Build.0 = Debug|Any CPU
		{6DC6C5FC-E25C-488B-960B-6A4BE93DC40C}.Release|Any CPU.ActiveCfg = Release|Any CPU
		{6DC6C5FC-E25C-488B-960B-6A4BE93DC40C}.Release|Any CPU.Build.0 = Release|Any CPU
	EndGlobalSection
	GlobalSection(SolutionProperties) = preSolution
		HideSolutionNode = FALSE
	EndGlobalSection
	GlobalSection(ExtensibilityGlobals) = postSolution
		SolutionGuid = {65F2A094-B05C-4382-B8D2-67B17FDCADDB}
	EndGlobalSection
EndGlobal
